<?xml version="1.0" encoding="utf-8"?>
<Project ToolsVersion="14.0" xmlns="http://schemas.microsoft.com/developer/msbuild/2003">
  <ItemGroup>
    <ClCompile Include="D:\MyPhysX\PhysX\physx\source\foundation\src\PsAllocator.cpp">
      <Filter>src\src</Filter>
    </ClCompile>
    <ClCompile Include="D:\MyPhysX\PhysX\physx\source\foundation\src\PsAssert.cpp">
      <Filter>src\src</Filter>
    </ClCompile>
    <ClCompile Include="D:\MyPhysX\PhysX\physx\source\foundation\src\PsFoundation.cpp">
      <Filter>src\src</Filter>
    </ClCompile>
    <ClCompile Include="D:\MyPhysX\PhysX\physx\source\foundation\src\PsMathUtils.cpp">
      <Filter>src\src</Filter>
    </ClCompile>
    <ClCompile Include="D:\MyPhysX\PhysX\physx\source\foundation\src\PsString.cpp">
      <Filter>src\src</Filter>
    </ClCompile>
    <ClCompile Include="D:\MyPhysX\PhysX\physx\source\foundation\src\PsTempAllocator.cpp">
      <Filter>src\src</Filter>
    </ClCompile>
    <ClCompile Include="D:\MyPhysX\PhysX\physx\source\foundation\src\PsUtilities.cpp">
      <Filter>src\src</Filter>
    </ClCompile>
    <ClCompile Include="D:\MyPhysX\PhysX\physx\source\foundation\src\windows\PsWindowsAtomic.cpp">
      <Filter>src\src\windows</Filter>
    </ClCompile>
    <ClCompile Include="D:\MyPhysX\PhysX\physx\source\foundation\src\windows\PsWindowsCpu.cpp">
      <Filter>src\src\windows</Filter>
    </ClCompile>
    <ClCompile Include="D:\MyPhysX\PhysX\physx\source\foundation\src\windows\PsWindowsFPU.cpp">
      <Filter>src\src\windows</Filter>
    </ClCompile>
    <ClCompile Include="D:\MyPhysX\PhysX\physx\source\foundation\src\windows\PsWindowsMutex.cpp">
      <Filter>src\src\windows</Filter>
    </ClCompile>
    <ClCompile Include="D:\MyPhysX\PhysX\physx\source\foundation\src\windows\PsWindowsPrintString.cpp">
      <Filter>src\src\windows</Filter>
    </ClCompile>
    <ClCompile Include="D:\MyPhysX\PhysX\physx\source\foundation\src\windows\PsWindowsSList.cpp">
      <Filter>src\src\windows</Filter>
    </ClCompile>
    <ClCompile Include="D:\MyPhysX\PhysX\physx\source\foundation\src\windows\PsWindowsSocket.cpp">
      <Filter>src\src\windows</Filter>
    </ClCompile>
    <ClCompile Include="D:\MyPhysX\PhysX\physx\source\foundation\src\windows\PsWindowsSync.cpp">
      <Filter>src\src\windows</Filter>
    </ClCompile>
    <ClCompile Include="D:\MyPhysX\PhysX\physx\source\foundation\src\windows\PsWindowsThread.cpp">
      <Filter>src\src\windows</Filter>
    </ClCompile>
    <ClCompile Include="D:\MyPhysX\PhysX\physx\source\foundation\src\windows\PsWindowsTime.cpp">
      <Filter>src\src\windows</Filter>
    </ClCompile>
  </ItemGroup>
  <ItemGroup>
    <ClInclude Include="D:\MyPhysX\PhysX\physx\source\foundation\include\Ps.h">
      <Filter>src\include</Filter>
    </ClInclude>
    <ClInclude Include="D:\MyPhysX\PhysX\physx\source\foundation\include\PsAlignedMalloc.h">
      <Filter>src\include</Filter>
    </ClInclude>
    <ClInclude Include="D:\MyPhysX\PhysX\physx\source\foundation\include\PsAlloca.h">
      <Filter>src\include</Filter>
    </ClInclude>
    <ClInclude Include="D:\MyPhysX\PhysX\physx\source\foundation\include\PsAllocator.h">
      <Filter>src\include</Filter>
    </ClInclude>
    <ClInclude Include="D:\MyPhysX\PhysX\physx\source\foundation\include\PsAoS.h">
      <Filter>src\include</Filter>
    </ClInclude>
    <ClInclude Include="D:\MyPhysX\PhysX\physx\source\foundation\include\PsArray.h">
      <Filter>src\include</Filter>
    </ClInclude>
    <ClInclude Include="D:\MyPhysX\PhysX\physx\source\foundation\include\PsAtomic.h">
      <Filter>src\include</Filter>
    </ClInclude>
    <ClInclude Include="D:\MyPhysX\PhysX\physx\source\foundation\include\PsBasicTemplates.h">
      <Filter>src\include</Filter>
    </ClInclude>
    <ClInclude Include="D:\MyPhysX\PhysX\physx\source\foundation\include\PsBitUtils.h">
      <Filter>src\include</Filter>
    </ClInclude>
    <ClInclude Include="D:\MyPhysX\PhysX\physx\source\foundation\include\PsBroadcast.h">
      <Filter>src\include</Filter>
    </ClInclude>
    <ClInclude Include="D:\MyPhysX\PhysX\physx\source\foundation\include\PsCpu.h">
      <Filter>src\include</Filter>
    </ClInclude>
    <ClInclude Include="D:\MyPhysX\PhysX\physx\source\foundation\include\PsFoundation.h">
      <Filter>src\include</Filter>
    </ClInclude>
    <ClInclude Include="D:\MyPhysX\PhysX\physx\source\foundation\include\PsFPU.h">
      <Filter>src\include</Filter>
    </ClInclude>
    <ClInclude Include="D:\MyPhysX\PhysX\physx\source\foundation\include\PsHash.h">
      <Filter>src\include</Filter>
    </ClInclude>
    <ClInclude Include="D:\MyPhysX\PhysX\physx\source\foundation\include\PsHashInternals.h">
      <Filter>src\include</Filter>
    </ClInclude>
    <ClInclude Include="D:\MyPhysX\PhysX\physx\source\foundation\include\PsHashMap.h">
      <Filter>src\include</Filter>
    </ClInclude>
    <ClInclude Include="D:\MyPhysX\PhysX\physx\source\foundation\include\PsHashSet.h">
      <Filter>src\include</Filter>
    </ClInclude>
    <ClInclude Include="D:\MyPhysX\PhysX\physx\source\foundation\include\PsInlineAllocator.h">
      <Filter>src\include</Filter>
    </ClInclude>
    <ClInclude Include="D:\MyPhysX\PhysX\physx\source\foundation\include\PsInlineAoS.h">
      <Filter>src\include</Filter>
    </ClInclude>
    <ClInclude Include="D:\MyPhysX\PhysX\physx\source\foundation\include\PsInlineArray.h">
      <Filter>src\include</Filter>
    </ClInclude>
    <ClInclude Include="D:\MyPhysX\PhysX\physx\source\foundation\include\PsIntrinsics.h">
      <Filter>src\include</Filter>
    </ClInclude>
    <ClInclude Include="D:\MyPhysX\PhysX\physx\source\foundation\include\PsMathUtils.h">
      <Filter>src\include</Filter>
    </ClInclude>
    <ClInclude Include="D:\MyPhysX\PhysX\physx\source\foundation\include\PsMutex.h">
      <Filter>src\include</Filter>
    </ClInclude>
    <ClInclude Include="D:\MyPhysX\PhysX\physx\source\foundation\include\PsPool.h">
      <Filter>src\include</Filter>
    </ClInclude>
    <ClInclude Include="D:\MyPhysX\PhysX\physx\source\foundation\include\PsSList.h">
      <Filter>src\include</Filter>
    </ClInclude>
    <ClInclude Include="D:\MyPhysX\PhysX\physx\source\foundation\include\PsSocket.h">
      <Filter>src\include</Filter>
    </ClInclude>
    <ClInclude Include="D:\MyPhysX\PhysX\physx\source\foundation\include\PsSort.h">
      <Filter>src\include</Filter>
    </ClInclude>
    <ClInclude Include="D:\MyPhysX\PhysX\physx\source\foundation\include\PsSortInternals.h">
      <Filter>src\include</Filter>
    </ClInclude>
    <ClInclude Include="D:\MyPhysX\PhysX\physx\source\foundation\include\PsString.h">
      <Filter>src\include</Filter>
    </ClInclude>
    <ClInclude Include="D:\MyPhysX\PhysX\physx\source\foundation\include\PsSync.h">
      <Filter>src\include</Filter>
    </ClInclude>
    <ClInclude Include="D:\MyPhysX\PhysX\physx\source\foundation\include\PsTempAllocator.h">
      <Filter>src\include</Filter>
    </ClInclude>
    <ClInclude Include="D:\MyPhysX\PhysX\physx\source\foundation\include\PsThread.h">
      <Filter>src\include</Filter>
    </ClInclude>
    <ClInclude Include="D:\MyPhysX\PhysX\physx\source\foundation\include\PsTime.h">
      <Filter>src\include</Filter>
    </ClInclude>
    <ClInclude Include="D:\MyPhysX\PhysX\physx\source\foundation\include\PsUserAllocated.h">
      <Filter>src\include</Filter>
    </ClInclude>
    <ClInclude Include="D:\MyPhysX\PhysX\physx\source\foundation\include\PsUtilities.h">
      <Filter>src\include</Filter>
    </ClInclude>
    <ClInclude Include="D:\MyPhysX\PhysX\physx\source\foundation\include\PsVecMath.h">
      <Filter>src\include</Filter>
    </ClInclude>
    <ClInclude Include="D:\MyPhysX\PhysX\physx\source\foundation\include\PsVecMathAoSScalar.h">
      <Filter>src\include</Filter>
    </ClInclude>
    <ClInclude Include="D:\MyPhysX\PhysX\physx\source\foundation\include\PsVecMathAoSScalarInline.h">
      <Filter>src\include</Filter>
    </ClInclude>
    <ClInclude Include="D:\MyPhysX\PhysX\physx\source\foundation\include\PsVecMathSSE.h">
      <Filter>src\include</Filter>
    </ClInclude>
    <ClInclude Include="D:\MyPhysX\PhysX\physx\source\foundation\include\PsVecMathUtilities.h">
      <Filter>src\include</Filter>
    </ClInclude>
    <ClInclude Include="D:\MyPhysX\PhysX\physx\source\foundation\include\PsVecQuat.h">
      <Filter>src\include</Filter>
    </ClInclude>
    <ClInclude Include="D:\MyPhysX\PhysX\physx\source\foundation\include\PsVecTransform.h">
      <Filter>src\include</Filter>
    </ClInclude>
    <ClInclude Include="D:\MyPhysX\PhysX\physx\include\PxFoundation.h">
      <Filter>include</Filter>
    </ClInclude>
    <ClInclude Include="D:\MyPhysX\PhysX\physx\include\foundation\PxAssert.h">
      <Filter>include\foundation</Filter>
    </ClInclude>
    <ClInclude Include="D:\MyPhysX\PhysX\physx\include\foundation\PxFoundationConfig.h">
      <Filter>include\foundation</Filter>
    </ClInclude>
    <ClInclude Include="D:\MyPhysX\PhysX\physx\include\foundation\PxMathUtils.h">
      <Filter>include\foundation</Filter>
    </ClInclude>
    <ClInclude Include="D:\MyPhysX\PhysX\physx\source\foundation\include\windows\PsWindowsAoS.h">
      <Filter>src\include\windows</Filter>
    </ClInclude>
    <ClInclude Include="D:\MyPhysX\PhysX\physx\source\foundation\include\windows\PsWindowsFPU.h">
      <Filter>src\include\windows</Filter>
    </ClInclude>
    <ClInclude Include="D:\MyPhysX\PhysX\physx\source\foundation\include\windows\PsWindowsInclude.h">
      <Filter>src\include\windows</Filter>
    </ClInclude>
    <ClInclude Include="D:\MyPhysX\PhysX\physx\source\foundation\include\windows\PsWindowsInlineAoS.h">
      <Filter>src\include\windows</Filter>
    </ClInclude>
    <ClInclude Include="D:\MyPhysX\PhysX\physx\source\foundation\include\windows\PsWindowsIntrinsics.h">
      <Filter>src\include\windows</Filter>
    </ClInclude>
    <ClInclude Include="D:\MyPhysX\PhysX\physx\source\foundation\include\windows\PsWindowsTrigConstants.h">
      <Filter>src\include\windows</Filter>
    </ClInclude>
    <ClInclude Include="D:\MyPhysX\PhysX\pxshared\include\foundation\Px.h">
      <Filter>shared\include</Filter>
    </ClInclude>
    <ClInclude Include="D:\MyPhysX\PhysX\pxshared\include\foundation\PxAllocatorCallback.h">
      <Filter>shared\include</Filter>
    </ClInclude>
    <ClInclude Include="D:\MyPhysX\PhysX\pxshared\include\foundation\PxProfiler.h">
      <Filter>shared\include</Filter>
    </ClInclude>
    <ClInclude Include="D:\MyPhysX\PhysX\pxshared\include\foundation\PxSharedAssert.h">
      <Filter>shared\include</Filter>
    </ClInclude>
    <ClInclude Include="D:\MyPhysX\PhysX\pxshared\include\foundation\PxBitAndData.h">
      <Filter>shared\include</Filter>
    </ClInclude>
    <ClInclude Include="D:\MyPhysX\PhysX\pxshared\include\foundation\PxBounds3.h">
      <Filter>shared\include</Filter>
    </ClInclude>
    <ClInclude Include="D:\MyPhysX\PhysX\pxshared\include\foundation\PxErrorCallback.h">
      <Filter>shared\include</Filter>
    </ClInclude>
    <ClInclude Include="D:\MyPhysX\PhysX\pxshared\include\foundation\PxErrors.h">
      <Filter>shared\include</Filter>
    </ClInclude>
    <ClInclude Include="D:\MyPhysX\PhysX\pxshared\include\foundation\PxFlags.h">
      <Filter>shared\include</Filter>
    </ClInclude>
    <ClInclude Include="D:\MyPhysX\PhysX\pxshared\include\foundation\PxIntrinsics.h">
      <Filter>shared\include</Filter>
    </ClInclude>
    <ClInclude Include="D:\MyPhysX\PhysX\pxshared\include\foundation\PxIO.h">
      <Filter>shared\include</Filter>
    </ClInclude>
    <ClInclude Include="D:\MyPhysX\PhysX\pxshared\include\foundation\PxMat33.h">
      <Filter>shared\include</Filter>
    </ClInclude>
    <ClInclude Include="D:\MyPhysX\PhysX\pxshared\include\foundation\PxMat44.h">
      <Filter>shared\include</Filter>
    </ClInclude>
    <ClInclude Include="D:\MyPhysX\PhysX\pxshared\include\foundation\PxMath.h">
      <Filter>shared\include</Filter>
    </ClInclude>
    <ClInclude Include="D:\MyPhysX\PhysX\pxshared\include\foundation\PxMemory.h">
      <Filter>shared\include</Filter>
    </ClInclude>
    <ClInclude Include="D:\MyPhysX\PhysX\pxshared\include\foundation\PxPlane.h">
      <Filter>shared\include</Filter>
    </ClInclude>
    <ClInclude Include="D:\MyPhysX\PhysX\pxshared\include\foundation\PxPreprocessor.h">
      <Filter>shared\include</Filter>
    </ClInclude>
    <ClInclude Include="D:\MyPhysX\PhysX\pxshared\include\foundation\PxQuat.h">
      <Filter>shared\include</Filter>
    </ClInclude>
    <ClInclude Include="D:\MyPhysX\PhysX\pxshared\include\foundation\PxSimpleTypes.h">
      <Filter>shared\include</Filter>
    </ClInclude>
    <ClInclude Include="D:\MyPhysX\PhysX\pxshared\include\foundation\PxStrideIterator.h">
      <Filter>shared\include</Filter>
    </ClInclude>
    <ClInclude Include="D:\MyPhysX\PhysX\pxshared\include\foundation\PxTransform.h">
      <Filter>shared\include</Filter>
    </ClInclude>
    <ClInclude Include="D:\MyPhysX\PhysX\pxshared\include\foundation\PxUnionCast.h">
      <Filter>shared\include</Filter>
    </ClInclude>
    <ClInclude Include="D:\MyPhysX\PhysX\pxshared\include\foundation\PxVec2.h">
      <Filter>shared\include</Filter>
    </ClInclude>
    <ClInclude Include="D:\MyPhysX\PhysX\pxshared\include\foundation\PxVec3.h">
      <Filter>shared\include</Filter>
    </ClInclude>
    <ClInclude Include="D:\MyPhysX\PhysX\pxshared\include\foundation\PxVec4.h">
      <Filter>shared\include</Filter>
    </ClInclude>
    <ClInclude Include="D:\MyPhysX\PhysX\pxshared\include\foundation\windows\PxWindowsIntrinsics.h">
      <Filter>shared\include\windows</Filter>
    </ClInclude>
  </ItemGroup>
  <ItemGroup>
    <CustomBuild Include="D:\MyPhysX\PhysX\physx\source\compiler\cmake\CMakeLists.txt" />
  </ItemGroup>
  <ItemGroup>
    <ResourceCompile Include="D:\MyPhysX\PhysX\physx\source\compiler\resource_x64\PhysXFoundation.rc">
      <Filter>resource</Filter>
    </ResourceCompile>
  </ItemGroup>
  <ItemGroup>
    <Filter Include="include">
      <UniqueIdentifier>{B5CBD44A-EA44-3C4C-92B7-8EDF0072F29B}</UniqueIdentifier>
    </Filter>
    <Filter Include="include\foundation">
      <UniqueIdentifier>{FF236B54-D6EA-39D2-9B92-F8FE18E19FBD}</UniqueIdentifier>
    </Filter>
    <Filter Include="resource">
      <UniqueIdentifier>{95B4E362-94E0-3608-87E3-4380AE1249BE}</UniqueIdentifier>
    </Filter>
    <Filter Include="shared">
      <UniqueIdentifier>{F1EBAEDF-7766-3E70-9E3C-40207E528C81}</UniqueIdentifier>
    </Filter>
    <Filter Include="shared\include">
      <UniqueIdentifier>{2121A32B-5A41-3045-B4D6-FADB13E788FF}</UniqueIdentifier>
    </Filter>
    <Filter Include="shared\include\windows">
      <UniqueIdentifier>{F57DFC86-E8C1-3646-9AE4-A7F8A55C1D84}</UniqueIdentifier>
    </Filter>
    <Filter Include="src">
      <UniqueIdentifier>{F8F2D014-76DC-3D4C-B036-F9DAD7409754}</UniqueIdentifier>
    </Filter>
    <Filter Include="src\include">
      <UniqueIdentifier>{D7EF290B-410F-3F52-A6EE-E9E03732ABBC}</UniqueIdentifier>
    </Filter>
    <Filter Include="src\include\windows">
      <UniqueIdentifier>{856F2473-42AD-3ACC-9C93-5051ECD368FD}</UniqueIdentifier>
    </Filter>
    <Filter Include="src\src">
      <UniqueIdentifier>{2A35EE30-952B-3660-A88B-5BD874980245}</UniqueIdentifier>
    </Filter>
    <Filter Include="src\src\windows">
      <UniqueIdentifier>{7D0F41F6-4AF9-3701-AFCB-76CBD12C4C64}</UniqueIdentifier>
    </Filter>
  </ItemGroup>
</Project>
