Microsoft Visual Studio Solution File, Format Version 12.00
# Visual Studio 14
Project("{2150E333-8FDC-42A3-9474-1A3956D46DE8}") = "CMakePredefinedTargets", "CMakePredefinedTargets", "{4E5D948A-D40F-307D-B428-75056A72E2DB}"
EndProject
Project("{2150E333-8FDC-42A3-9474-1A3956D46DE8}") = "PhysX SDK", "PhysX SDK", "{DAE179CC-7268-3AD2-AFA5-E42368F5B198}"
EndProject
Project("{8BC9CEB8-8B4A-11D0-8D11-00A0C91BC942}") = "ALL_BUILD", "ALL_BUILD.vcxproj", "{A3E36CF3-F406-3450-8A1E-21D54C0527E2}"
	ProjectSection(ProjectDependencies) = postProject
		{69791F55-7B94-3474-BA64-B1561FD0171E} = {69791F55-7B94-3474-BA64-B1561FD0171E}
		{1BBBB4C5-7B7E-3858-A471-C0E630CD7DE6} = {1BBBB4C5-7B7E-3858-A471-C0E630CD7DE6}
		{3A2F7D06-B9B7-302B-81A2-8ECD32713A57} = {3A2F7D06-B9B7-302B-81A2-8ECD32713A57}
		{E6A1F799-F7F8-3CC8-9BE6-3849F29B40E2} = {E6A1F799-F7F8-3CC8-9BE6-3849F29B40E2}
		{71D3DCB6-B7DE-3AC7-9ABF-AA61B9163760} = {71D3DCB6-B7DE-3AC7-9ABF-AA61B9163760}
		{3B3905F6-E30C-370A-9CB4-9481634A49C9} = {3B3905F6-E30C-370A-9CB4-9481634A49C9}
		{8949588E-1729-3D31-BB56-C8CFD84256A8} = {8949588E-1729-3D31-BB56-C8CFD84256A8}
		{AAB2D595-9047-3514-93DB-3F00A55C9A1E} = {AAB2D595-9047-3514-93DB-3F00A55C9A1E}
		{2D8A2BFA-84FD-302B-8A70-F36CD7B8253F} = {2D8A2BFA-84FD-302B-8A70-F36CD7B8253F}
		{759017FC-6943-37F2-A65C-250B0F361C04} = {759017FC-6943-37F2-A65C-250B0F361C04}
		{AC04DEB7-96FA-3B48-B3F5-1046CE0F2CE5} = {AC04DEB7-96FA-3B48-B3F5-1046CE0F2CE5}
		{7C689E9D-CCDE-3134-8CB1-8F32E72CBAD7} = {7C689E9D-CCDE-3134-8CB1-8F32E72CBAD7}
		{0163E6B4-1333-3BFD-9863-D9ACF979F7BA} = {0163E6B4-1333-3BFD-9863-D9ACF979F7BA}
		{679B74D0-EB3F-3BF2-BDB7-B6B430FA177B} = {679B74D0-EB3F-3BF2-BDB7-B6B430FA177B}
		{D8E56701-2F61-368D-9235-9EA98A20FB16} = {D8E56701-2F61-368D-9235-9EA98A20FB16}
		{6AFD811F-C0C0-352E-BEF0-9A3CE5FC885A} = {6AFD811F-C0C0-352E-BEF0-9A3CE5FC885A}
	EndProjectSection
EndProject
Project("{8BC9CEB8-8B4A-11D0-8D11-00A0C91BC942}") = "FastXml", "FastXml.vcxproj", "{69791F55-7B94-3474-BA64-B1561FD0171E}"
	ProjectSection(ProjectDependencies) = postProject
		{6AFD811F-C0C0-352E-BEF0-9A3CE5FC885A} = {6AFD811F-C0C0-352E-BEF0-9A3CE5FC885A}
	EndProjectSection
EndProject
Project("{8BC9CEB8-8B4A-11D0-8D11-00A0C91BC942}") = "INSTALL", "INSTALL.vcxproj", "{83BF0B4F-115A-3593-B9F1-4E99F38BB71B}"
	ProjectSection(ProjectDependencies) = postProject
		{A3E36CF3-F406-3450-8A1E-21D54C0527E2} = {A3E36CF3-F406-3450-8A1E-21D54C0527E2}
		{6AFD811F-C0C0-352E-BEF0-9A3CE5FC885A} = {6AFD811F-C0C0-352E-BEF0-9A3CE5FC885A}
	EndProjectSection
EndProject
Project("{8BC9CEB8-8B4A-11D0-8D11-00A0C91BC942}") = "LowLevel", "LowLevel.vcxproj", "{1BBBB4C5-7B7E-3858-A471-C0E630CD7DE6}"
	ProjectSection(ProjectDependencies) = postProject
		{6AFD811F-C0C0-352E-BEF0-9A3CE5FC885A} = {6AFD811F-C0C0-352E-BEF0-9A3CE5FC885A}
	EndProjectSection
EndProject
Project("{8BC9CEB8-8B4A-11D0-8D11-00A0C91BC942}") = "LowLevelAABB", "LowLevelAABB.vcxproj", "{3A2F7D06-B9B7-302B-81A2-8ECD32713A57}"
	ProjectSection(ProjectDependencies) = postProject
		{6AFD811F-C0C0-352E-BEF0-9A3CE5FC885A} = {6AFD811F-C0C0-352E-BEF0-9A3CE5FC885A}
	EndProjectSection
EndProject
Project("{8BC9CEB8-8B4A-11D0-8D11-00A0C91BC942}") = "LowLevelDynamics", "LowLevelDynamics.vcxproj", "{E6A1F799-F7F8-3CC8-9BE6-3849F29B40E2}"
	ProjectSection(ProjectDependencies) = postProject
		{6AFD811F-C0C0-352E-BEF0-9A3CE5FC885A} = {6AFD811F-C0C0-352E-BEF0-9A3CE5FC885A}
	EndProjectSection
EndProject
Project("{8BC9CEB8-8B4A-11D0-8D11-00A0C91BC942}") = "PhysX", "PhysX.vcxproj", "{71D3DCB6-B7DE-3AC7-9ABF-AA61B9163760}"
	ProjectSection(ProjectDependencies) = postProject
		{1BBBB4C5-7B7E-3858-A471-C0E630CD7DE6} = {1BBBB4C5-7B7E-3858-A471-C0E630CD7DE6}
		{3A2F7D06-B9B7-302B-81A2-8ECD32713A57} = {3A2F7D06-B9B7-302B-81A2-8ECD32713A57}
		{E6A1F799-F7F8-3CC8-9BE6-3849F29B40E2} = {E6A1F799-F7F8-3CC8-9BE6-3849F29B40E2}
		{8949588E-1729-3D31-BB56-C8CFD84256A8} = {8949588E-1729-3D31-BB56-C8CFD84256A8}
		{759017FC-6943-37F2-A65C-250B0F361C04} = {759017FC-6943-37F2-A65C-250B0F361C04}
		{AC04DEB7-96FA-3B48-B3F5-1046CE0F2CE5} = {AC04DEB7-96FA-3B48-B3F5-1046CE0F2CE5}
		{7C689E9D-CCDE-3134-8CB1-8F32E72CBAD7} = {7C689E9D-CCDE-3134-8CB1-8F32E72CBAD7}
		{679B74D0-EB3F-3BF2-BDB7-B6B430FA177B} = {679B74D0-EB3F-3BF2-BDB7-B6B430FA177B}
		{D8E56701-2F61-368D-9235-9EA98A20FB16} = {D8E56701-2F61-368D-9235-9EA98A20FB16}
		{6AFD811F-C0C0-352E-BEF0-9A3CE5FC885A} = {6AFD811F-C0C0-352E-BEF0-9A3CE5FC885A}
	EndProjectSection
EndProject
Project("{8BC9CEB8-8B4A-11D0-8D11-00A0C91BC942}") = "PhysXCharacterKinematic", "PhysXCharacterKinematic.vcxproj", "{3B3905F6-E30C-370A-9CB4-9481634A49C9}"
	ProjectSection(ProjectDependencies) = postProject
		{759017FC-6943-37F2-A65C-250B0F361C04} = {759017FC-6943-37F2-A65C-250B0F361C04}
		{6AFD811F-C0C0-352E-BEF0-9A3CE5FC885A} = {6AFD811F-C0C0-352E-BEF0-9A3CE5FC885A}
	EndProjectSection
EndProject
Project("{8BC9CEB8-8B4A-11D0-8D11-00A0C91BC942}") = "PhysXCommon", "PhysXCommon.vcxproj", "{8949588E-1729-3D31-BB56-C8CFD84256A8}"
	ProjectSection(ProjectDependencies) = postProject
		{759017FC-6943-37F2-A65C-250B0F361C04} = {759017FC-6943-37F2-A65C-250B0F361C04}
		{6AFD811F-C0C0-352E-BEF0-9A3CE5FC885A} = {6AFD811F-C0C0-352E-BEF0-9A3CE5FC885A}
	EndProjectSection
EndProject
Project("{8BC9CEB8-8B4A-11D0-8D11-00A0C91BC942}") = "PhysXCooking", "PhysXCooking.vcxproj", "{AAB2D595-9047-3514-93DB-3F00A55C9A1E}"
	ProjectSection(ProjectDependencies) = postProject
		{8949588E-1729-3D31-BB56-C8CFD84256A8} = {8949588E-1729-3D31-BB56-C8CFD84256A8}
		{759017FC-6943-37F2-A65C-250B0F361C04} = {759017FC-6943-37F2-A65C-250B0F361C04}
		{6AFD811F-C0C0-352E-BEF0-9A3CE5FC885A} = {6AFD811F-C0C0-352E-BEF0-9A3CE5FC885A}
	EndProjectSection
EndProject
Project("{8BC9CEB8-8B4A-11D0-8D11-00A0C91BC942}") = "PhysXExtensions", "PhysXExtensions.vcxproj", "{2D8A2BFA-84FD-302B-8A70-F36CD7B8253F}"
	ProjectSection(ProjectDependencies) = postProject
		{69791F55-7B94-3474-BA64-B1561FD0171E} = {69791F55-7B94-3474-BA64-B1561FD0171E}
		{71D3DCB6-B7DE-3AC7-9ABF-AA61B9163760} = {71D3DCB6-B7DE-3AC7-9ABF-AA61B9163760}
		{759017FC-6943-37F2-A65C-250B0F361C04} = {759017FC-6943-37F2-A65C-250B0F361C04}
		{AC04DEB7-96FA-3B48-B3F5-1046CE0F2CE5} = {AC04DEB7-96FA-3B48-B3F5-1046CE0F2CE5}
		{6AFD811F-C0C0-352E-BEF0-9A3CE5FC885A} = {6AFD811F-C0C0-352E-BEF0-9A3CE5FC885A}
	EndProjectSection
EndProject
Project("{8BC9CEB8-8B4A-11D0-8D11-00A0C91BC942}") = "PhysXFoundation", "PhysXFoundation.vcxproj", "{759017FC-6943-37F2-A65C-250B0F361C04}"
	ProjectSection(ProjectDependencies) = postProject
		{6AFD811F-C0C0-352E-BEF0-9A3CE5FC885A} = {6AFD811F-C0C0-352E-BEF0-9A3CE5FC885A}
	EndProjectSection
EndProject
Project("{8BC9CEB8-8B4A-11D0-8D11-00A0C91BC942}") = "PhysXPvdSDK", "PhysXPvdSDK.vcxproj", "{AC04DEB7-96FA-3B48-B3F5-1046CE0F2CE5}"
	ProjectSection(ProjectDependencies) = postProject
		{759017FC-6943-37F2-A65C-250B0F361C04} = {759017FC-6943-37F2-A65C-250B0F361C04}
		{6AFD811F-C0C0-352E-BEF0-9A3CE5FC885A} = {6AFD811F-C0C0-352E-BEF0-9A3CE5FC885A}
	EndProjectSection
EndProject
Project("{8BC9CEB8-8B4A-11D0-8D11-00A0C91BC942}") = "PhysXTask", "PhysXTask.vcxproj", "{7C689E9D-CCDE-3134-8CB1-8F32E72CBAD7}"
	ProjectSection(ProjectDependencies) = postProject
		{6AFD811F-C0C0-352E-BEF0-9A3CE5FC885A} = {6AFD811F-C0C0-352E-BEF0-9A3CE5FC885A}
	EndProjectSection
EndProject
Project("{8BC9CEB8-8B4A-11D0-8D11-00A0C91BC942}") = "PhysXVehicle", "PhysXVehicle.vcxproj", "{0163E6B4-1333-3BFD-9863-D9ACF979F7BA}"
	ProjectSection(ProjectDependencies) = postProject
		{759017FC-6943-37F2-A65C-250B0F361C04} = {759017FC-6943-37F2-A65C-250B0F361C04}
		{AC04DEB7-96FA-3B48-B3F5-1046CE0F2CE5} = {AC04DEB7-96FA-3B48-B3F5-1046CE0F2CE5}
		{6AFD811F-C0C0-352E-BEF0-9A3CE5FC885A} = {6AFD811F-C0C0-352E-BEF0-9A3CE5FC885A}
	EndProjectSection
EndProject
Project("{8BC9CEB8-8B4A-11D0-8D11-00A0C91BC942}") = "SceneQuery", "SceneQuery.vcxproj", "{679B74D0-EB3F-3BF2-BDB7-B6B430FA177B}"
	ProjectSection(ProjectDependencies) = postProject
		{6AFD811F-C0C0-352E-BEF0-9A3CE5FC885A} = {6AFD811F-C0C0-352E-BEF0-9A3CE5FC885A}
	EndProjectSection
EndProject
Project("{8BC9CEB8-8B4A-11D0-8D11-00A0C91BC942}") = "SimulationController", "SimulationController.vcxproj", "{D8E56701-2F61-368D-9235-9EA98A20FB16}"
	ProjectSection(ProjectDependencies) = postProject
		{6AFD811F-C0C0-352E-BEF0-9A3CE5FC885A} = {6AFD811F-C0C0-352E-BEF0-9A3CE5FC885A}
	EndProjectSection
EndProject
Project("{8BC9CEB8-8B4A-11D0-8D11-00A0C91BC942}") = "ZERO_CHECK", "..\\ZERO_CHECK.vcxproj", "{6AFD811F-C0C0-352E-BEF0-9A3CE5FC885A}"
	ProjectSection(ProjectDependencies) = postProject
	EndProjectSection
EndProject
Global
	GlobalSection(SolutionConfigurationPlatforms) = preSolution
		debug|x64 = debug|x64
		checked|x64 = checked|x64
		profile|x64 = profile|x64
		release|x64 = release|x64
	EndGlobalSection
	GlobalSection(ProjectConfigurationPlatforms) = postSolution
		{A3E36CF3-F406-3450-8A1E-21D54C0527E2}.debug|x64.ActiveCfg = debug|x64
		{A3E36CF3-F406-3450-8A1E-21D54C0527E2}.debug|x64.Build.0 = debug|x64
		{A3E36CF3-F406-3450-8A1E-21D54C0527E2}.checked|x64.ActiveCfg = checked|x64
		{A3E36CF3-F406-3450-8A1E-21D54C0527E2}.checked|x64.Build.0 = checked|x64
		{A3E36CF3-F406-3450-8A1E-21D54C0527E2}.profile|x64.ActiveCfg = profile|x64
		{A3E36CF3-F406-3450-8A1E-21D54C0527E2}.profile|x64.Build.0 = profile|x64
		{A3E36CF3-F406-3450-8A1E-21D54C0527E2}.release|x64.ActiveCfg = release|x64
		{A3E36CF3-F406-3450-8A1E-21D54C0527E2}.release|x64.Build.0 = release|x64
		{69791F55-7B94-3474-BA64-B1561FD0171E}.debug|x64.ActiveCfg = debug|x64
		{69791F55-7B94-3474-BA64-B1561FD0171E}.debug|x64.Build.0 = debug|x64
		{69791F55-7B94-3474-BA64-B1561FD0171E}.checked|x64.ActiveCfg = checked|x64
		{69791F55-7B94-3474-BA64-B1561FD0171E}.checked|x64.Build.0 = checked|x64
		{69791F55-7B94-3474-BA64-B1561FD0171E}.profile|x64.ActiveCfg = profile|x64
		{69791F55-7B94-3474-BA64-B1561FD0171E}.profile|x64.Build.0 = profile|x64
		{69791F55-7B94-3474-BA64-B1561FD0171E}.release|x64.ActiveCfg = release|x64
		{69791F55-7B94-3474-BA64-B1561FD0171E}.release|x64.Build.0 = release|x64
		{83BF0B4F-115A-3593-B9F1-4E99F38BB71B}.debug|x64.ActiveCfg = debug|x64
		{83BF0B4F-115A-3593-B9F1-4E99F38BB71B}.checked|x64.ActiveCfg = checked|x64
		{83BF0B4F-115A-3593-B9F1-4E99F38BB71B}.profile|x64.ActiveCfg = profile|x64
		{83BF0B4F-115A-3593-B9F1-4E99F38BB71B}.release|x64.ActiveCfg = release|x64
		{1BBBB4C5-7B7E-3858-A471-C0E630CD7DE6}.debug|x64.ActiveCfg = debug|x64
		{1BBBB4C5-7B7E-3858-A471-C0E630CD7DE6}.debug|x64.Build.0 = debug|x64
		{1BBBB4C5-7B7E-3858-A471-C0E630CD7DE6}.checked|x64.ActiveCfg = checked|x64
		{1BBBB4C5-7B7E-3858-A471-C0E630CD7DE6}.checked|x64.Build.0 = checked|x64
		{1BBBB4C5-7B7E-3858-A471-C0E630CD7DE6}.profile|x64.ActiveCfg = profile|x64
		{1BBBB4C5-7B7E-3858-A471-C0E630CD7DE6}.profile|x64.Build.0 = profile|x64
		{1BBBB4C5-7B7E-3858-A471-C0E630CD7DE6}.release|x64.ActiveCfg = release|x64
		{1BBBB4C5-7B7E-3858-A471-C0E630CD7DE6}.release|x64.Build.0 = release|x64
		{3A2F7D06-B9B7-302B-81A2-8ECD32713A57}.debug|x64.ActiveCfg = debug|x64
		{3A2F7D06-B9B7-302B-81A2-8ECD32713A57}.debug|x64.Build.0 = debug|x64
		{3A2F7D06-B9B7-302B-81A2-8ECD32713A57}.checked|x64.ActiveCfg = checked|x64
		{3A2F7D06-B9B7-302B-81A2-8ECD32713A57}.checked|x64.Build.0 = checked|x64
		{3A2F7D06-B9B7-302B-81A2-8ECD32713A57}.profile|x64.ActiveCfg = profile|x64
		{3A2F7D06-B9B7-302B-81A2-8ECD32713A57}.profile|x64.Build.0 = profile|x64
		{3A2F7D06-B9B7-302B-81A2-8ECD32713A57}.release|x64.ActiveCfg = release|x64
		{3A2F7D06-B9B7-302B-81A2-8ECD32713A57}.release|x64.Build.0 = release|x64
		{E6A1F799-F7F8-3CC8-9BE6-3849F29B40E2}.debug|x64.ActiveCfg = debug|x64
		{E6A1F799-F7F8-3CC8-9BE6-3849F29B40E2}.debug|x64.Build.0 = debug|x64
		{E6A1F799-F7F8-3CC8-9BE6-3849F29B40E2}.checked|x64.ActiveCfg = checked|x64
		{E6A1F799-F7F8-3CC8-9BE6-3849F29B40E2}.checked|x64.Build.0 = checked|x64
		{E6A1F799-F7F8-3CC8-9BE6-3849F29B40E2}.profile|x64.ActiveCfg = profile|x64
		{E6A1F799-F7F8-3CC8-9BE6-3849F29B40E2}.profile|x64.Build.0 = profile|x64
		{E6A1F799-F7F8-3CC8-9BE6-3849F29B40E2}.release|x64.ActiveCfg = release|x64
		{E6A1F799-F7F8-3CC8-9BE6-3849F29B40E2}.release|x64.Build.0 = release|x64
		{71D3DCB6-B7DE-3AC7-9ABF-AA61B9163760}.debug|x64.ActiveCfg = debug|x64
		{71D3DCB6-B7DE-3AC7-9ABF-AA61B9163760}.debug|x64.Build.0 = debug|x64
		{71D3DCB6-B7DE-3AC7-9ABF-AA61B9163760}.checked|x64.ActiveCfg = checked|x64
		{71D3DCB6-B7DE-3AC7-9ABF-AA61B9163760}.checked|x64.Build.0 = checked|x64
		{71D3DCB6-B7DE-3AC7-9ABF-AA61B9163760}.profile|x64.ActiveCfg = profile|x64
		{71D3DCB6-B7DE-3AC7-9ABF-AA61B9163760}.profile|x64.Build.0 = profile|x64
		{71D3DCB6-B7DE-3AC7-9ABF-AA61B9163760}.release|x64.ActiveCfg = release|x64
		{71D3DCB6-B7DE-3AC7-9ABF-AA61B9163760}.release|x64.Build.0 = release|x64
		{3B3905F6-E30C-370A-9CB4-9481634A49C9}.debug|x64.ActiveCfg = debug|x64
		{3B3905F6-E30C-370A-9CB4-9481634A49C9}.debug|x64.Build.0 = debug|x64
		{3B3905F6-E30C-370A-9CB4-9481634A49C9}.checked|x64.ActiveCfg = checked|x64
		{3B3905F6-E30C-370A-9CB4-9481634A49C9}.checked|x64.Build.0 = checked|x64
		{3B3905F6-E30C-370A-9CB4-9481634A49C9}.profile|x64.ActiveCfg = profile|x64
		{3B3905F6-E30C-370A-9CB4-9481634A49C9}.profile|x64.Build.0 = profile|x64
		{3B3905F6-E30C-370A-9CB4-9481634A49C9}.release|x64.ActiveCfg = release|x64
		{3B3905F6-E30C-370A-9CB4-9481634A49C9}.release|x64.Build.0 = release|x64
		{8949588E-1729-3D31-BB56-C8CFD84256A8}.debug|x64.ActiveCfg = debug|x64
		{8949588E-1729-3D31-BB56-C8CFD84256A8}.debug|x64.Build.0 = debug|x64
		{8949588E-1729-3D31-BB56-C8CFD84256A8}.checked|x64.ActiveCfg = checked|x64
		{8949588E-1729-3D31-BB56-C8CFD84256A8}.checked|x64.Build.0 = checked|x64
		{8949588E-1729-3D31-BB56-C8CFD84256A8}.profile|x64.ActiveCfg = profile|x64
		{8949588E-1729-3D31-BB56-C8CFD84256A8}.profile|x64.Build.0 = profile|x64
		{8949588E-1729-3D31-BB56-C8CFD84256A8}.release|x64.ActiveCfg = release|x64
		{8949588E-1729-3D31-BB56-C8CFD84256A8}.release|x64.Build.0 = release|x64
		{AAB2D595-9047-3514-93DB-3F00A55C9A1E}.debug|x64.ActiveCfg = debug|x64
		{AAB2D595-9047-3514-93DB-3F00A55C9A1E}.debug|x64.Build.0 = debug|x64
		{AAB2D595-9047-3514-93DB-3F00A55C9A1E}.checked|x64.ActiveCfg = checked|x64
		{AAB2D595-9047-3514-93DB-3F00A55C9A1E}.checked|x64.Build.0 = checked|x64
		{AAB2D595-9047-3514-93DB-3F00A55C9A1E}.profile|x64.ActiveCfg = profile|x64
		{AAB2D595-9047-3514-93DB-3F00A55C9A1E}.profile|x64.Build.0 = profile|x64
		{AAB2D595-9047-3514-93DB-3F00A55C9A1E}.release|x64.ActiveCfg = release|x64
		{AAB2D595-9047-3514-93DB-3F00A55C9A1E}.release|x64.Build.0 = release|x64
		{2D8A2BFA-84FD-302B-8A70-F36CD7B8253F}.debug|x64.ActiveCfg = debug|x64
		{2D8A2BFA-84FD-302B-8A70-F36CD7B8253F}.debug|x64.Build.0 = debug|x64
		{2D8A2BFA-84FD-302B-8A70-F36CD7B8253F}.checked|x64.ActiveCfg = checked|x64
		{2D8A2BFA-84FD-302B-8A70-F36CD7B8253F}.checked|x64.Build.0 = checked|x64
		{2D8A2BFA-84FD-302B-8A70-F36CD7B8253F}.profile|x64.ActiveCfg = profile|x64
		{2D8A2BFA-84FD-302B-8A70-F36CD7B8253F}.profile|x64.Build.0 = profile|x64
		{2D8A2BFA-84FD-302B-8A70-F36CD7B8253F}.release|x64.ActiveCfg = release|x64
		{2D8A2BFA-84FD-302B-8A70-F36CD7B8253F}.release|x64.Build.0 = release|x64
		{759017FC-6943-37F2-A65C-250B0F361C04}.debug|x64.ActiveCfg = debug|x64
		{759017FC-6943-37F2-A65C-250B0F361C04}.debug|x64.Build.0 = debug|x64
		{759017FC-6943-37F2-A65C-250B0F361C04}.checked|x64.ActiveCfg = checked|x64
		{759017FC-6943-37F2-A65C-250B0F361C04}.checked|x64.Build.0 = checked|x64
		{759017FC-6943-37F2-A65C-250B0F361C04}.profile|x64.ActiveCfg = profile|x64
		{759017FC-6943-37F2-A65C-250B0F361C04}.profile|x64.Build.0 = profile|x64
		{759017FC-6943-37F2-A65C-250B0F361C04}.release|x64.ActiveCfg = release|x64
		{759017FC-6943-37F2-A65C-250B0F361C04}.release|x64.Build.0 = release|x64
		{AC04DEB7-96FA-3B48-B3F5-1046CE0F2CE5}.debug|x64.ActiveCfg = debug|x64
		{AC04DEB7-96FA-3B48-B3F5-1046CE0F2CE5}.debug|x64.Build.0 = debug|x64
		{AC04DEB7-96FA-3B48-B3F5-1046CE0F2CE5}.checked|x64.ActiveCfg = checked|x64
		{AC04DEB7-96FA-3B48-B3F5-1046CE0F2CE5}.checked|x64.Build.0 = checked|x64
		{AC04DEB7-96FA-3B48-B3F5-1046CE0F2CE5}.profile|x64.ActiveCfg = profile|x64
		{AC04DEB7-96FA-3B48-B3F5-1046CE0F2CE5}.profile|x64.Build.0 = profile|x64
		{AC04DEB7-96FA-3B48-B3F5-1046CE0F2CE5}.release|x64.ActiveCfg = release|x64
		{AC04DEB7-96FA-3B48-B3F5-1046CE0F2CE5}.release|x64.Build.0 = release|x64
		{7C689E9D-CCDE-3134-8CB1-8F32E72CBAD7}.debug|x64.ActiveCfg = debug|x64
		{7C689E9D-CCDE-3134-8CB1-8F32E72CBAD7}.debug|x64.Build.0 = debug|x64
		{7C689E9D-CCDE-3134-8CB1-8F32E72CBAD7}.checked|x64.ActiveCfg = checked|x64
		{7C689E9D-CCDE-3134-8CB1-8F32E72CBAD7}.checked|x64.Build.0 = checked|x64
		{7C689E9D-CCDE-3134-8CB1-8F32E72CBAD7}.profile|x64.ActiveCfg = profile|x64
		{7C689E9D-CCDE-3134-8CB1-8F32E72CBAD7}.profile|x64.Build.0 = profile|x64
		{7C689E9D-CCDE-3134-8CB1-8F32E72CBAD7}.release|x64.ActiveCfg = release|x64
		{7C689E9D-CCDE-3134-8CB1-8F32E72CBAD7}.release|x64.Build.0 = release|x64
		{0163E6B4-1333-3BFD-9863-D9ACF979F7BA}.debug|x64.ActiveCfg = debug|x64
		{0163E6B4-1333-3BFD-9863-D9ACF979F7BA}.debug|x64.Build.0 = debug|x64
		{0163E6B4-1333-3BFD-9863-D9ACF979F7BA}.checked|x64.ActiveCfg = checked|x64
		{0163E6B4-1333-3BFD-9863-D9ACF979F7BA}.checked|x64.Build.0 = checked|x64
		{0163E6B4-1333-3BFD-9863-D9ACF979F7BA}.profile|x64.ActiveCfg = profile|x64
		{0163E6B4-1333-3BFD-9863-D9ACF979F7BA}.profile|x64.Build.0 = profile|x64
		{0163E6B4-1333-3BFD-9863-D9ACF979F7BA}.release|x64.ActiveCfg = release|x64
		{0163E6B4-1333-3BFD-9863-D9ACF979F7BA}.release|x64.Build.0 = release|x64
		{679B74D0-EB3F-3BF2-BDB7-B6B430FA177B}.debug|x64.ActiveCfg = debug|x64
		{679B74D0-EB3F-3BF2-BDB7-B6B430FA177B}.debug|x64.Build.0 = debug|x64
		{679B74D0-EB3F-3BF2-BDB7-B6B430FA177B}.checked|x64.ActiveCfg = checked|x64
		{679B74D0-EB3F-3BF2-BDB7-B6B430FA177B}.checked|x64.Build.0 = checked|x64
		{679B74D0-EB3F-3BF2-BDB7-B6B430FA177B}.profile|x64.ActiveCfg = profile|x64
		{679B74D0-EB3F-3BF2-BDB7-B6B430FA177B}.profile|x64.Build.0 = profile|x64
		{679B74D0-EB3F-3BF2-BDB7-B6B430FA177B}.release|x64.ActiveCfg = release|x64
		{679B74D0-EB3F-3BF2-BDB7-B6B430FA177B}.release|x64.Build.0 = release|x64
		{D8E56701-2F61-368D-9235-9EA98A20FB16}.debug|x64.ActiveCfg = debug|x64
		{D8E56701-2F61-368D-9235-9EA98A20FB16}.debug|x64.Build.0 = debug|x64
		{D8E56701-2F61-368D-9235-9EA98A20FB16}.checked|x64.ActiveCfg = checked|x64
		{D8E56701-2F61-368D-9235-9EA98A20FB16}.checked|x64.Build.0 = checked|x64
		{D8E56701-2F61-368D-9235-9EA98A20FB16}.profile|x64.ActiveCfg = profile|x64
		{D8E56701-2F61-368D-9235-9EA98A20FB16}.profile|x64.Build.0 = profile|x64
		{D8E56701-2F61-368D-9235-9EA98A20FB16}.release|x64.ActiveCfg = release|x64
		{D8E56701-2F61-368D-9235-9EA98A20FB16}.release|x64.Build.0 = release|x64
		{6AFD811F-C0C0-352E-BEF0-9A3CE5FC885A}.debug|x64.ActiveCfg = debug|x64
		{6AFD811F-C0C0-352E-BEF0-9A3CE5FC885A}.debug|x64.Build.0 = debug|x64
		{6AFD811F-C0C0-352E-BEF0-9A3CE5FC885A}.checked|x64.ActiveCfg = checked|x64
		{6AFD811F-C0C0-352E-BEF0-9A3CE5FC885A}.checked|x64.Build.0 = checked|x64
		{6AFD811F-C0C0-352E-BEF0-9A3CE5FC885A}.profile|x64.ActiveCfg = profile|x64
		{6AFD811F-C0C0-352E-BEF0-9A3CE5FC885A}.profile|x64.Build.0 = profile|x64
		{6AFD811F-C0C0-352E-BEF0-9A3CE5FC885A}.release|x64.ActiveCfg = release|x64
		{6AFD811F-C0C0-352E-BEF0-9A3CE5FC885A}.release|x64.Build.0 = release|x64
	EndGlobalSection
	GlobalSection(NestedProjects) = preSolution
		{A3E36CF3-F406-3450-8A1E-21D54C0527E2} = {4E5D948A-D40F-307D-B428-75056A72E2DB}
		{83BF0B4F-115A-3593-B9F1-4E99F38BB71B} = {4E5D948A-D40F-307D-B428-75056A72E2DB}
		{6AFD811F-C0C0-352E-BEF0-9A3CE5FC885A} = {4E5D948A-D40F-307D-B428-75056A72E2DB}
		{69791F55-7B94-3474-BA64-B1561FD0171E} = {DAE179CC-7268-3AD2-AFA5-E42368F5B198}
		{1BBBB4C5-7B7E-3858-A471-C0E630CD7DE6} = {DAE179CC-7268-3AD2-AFA5-E42368F5B198}
		{3A2F7D06-B9B7-302B-81A2-8ECD32713A57} = {DAE179CC-7268-3AD2-AFA5-E42368F5B198}
		{E6A1F799-F7F8-3CC8-9BE6-3849F29B40E2} = {DAE179CC-7268-3AD2-AFA5-E42368F5B198}
		{71D3DCB6-B7DE-3AC7-9ABF-AA61B9163760} = {DAE179CC-7268-3AD2-AFA5-E42368F5B198}
		{3B3905F6-E30C-370A-9CB4-9481634A49C9} = {DAE179CC-7268-3AD2-AFA5-E42368F5B198}
		{8949588E-1729-3D31-BB56-C8CFD84256A8} = {DAE179CC-7268-3AD2-AFA5-E42368F5B198}
		{AAB2D595-9047-3514-93DB-3F00A55C9A1E} = {DAE179CC-7268-3AD2-AFA5-E42368F5B198}
		{2D8A2BFA-84FD-302B-8A70-F36CD7B8253F} = {DAE179CC-7268-3AD2-AFA5-E42368F5B198}
		{759017FC-6943-37F2-A65C-250B0F361C04} = {DAE179CC-7268-3AD2-AFA5-E42368F5B198}
		{AC04DEB7-96FA-3B48-B3F5-1046CE0F2CE5} = {DAE179CC-7268-3AD2-AFA5-E42368F5B198}
		{7C689E9D-CCDE-3134-8CB1-8F32E72CBAD7} = {DAE179CC-7268-3AD2-AFA5-E42368F5B198}
		{0163E6B4-1333-3BFD-9863-D9ACF979F7BA} = {DAE179CC-7268-3AD2-AFA5-E42368F5B198}
		{679B74D0-EB3F-3BF2-BDB7-B6B430FA177B} = {DAE179CC-7268-3AD2-AFA5-E42368F5B198}
		{D8E56701-2F61-368D-9235-9EA98A20FB16} = {DAE179CC-7268-3AD2-AFA5-E42368F5B198}
	EndGlobalSection
	GlobalSection(ExtensibilityGlobals) = postSolution
		SolutionGuid = {5417128E-5161-3D89-BBCA-485AE32BE4E0}
	EndGlobalSection
	GlobalSection(ExtensibilityAddIns) = postSolution
	EndGlobalSection
EndGlobal
